
Microsoft Visual Studio Solution File, Format Version 12.00
# Visual Studio 14
VisualStudioVersion = 14.0.24720.0
MinimumVisualStudioVersion = 10.0.40219.1
Project("{E24C65DC-7377-472B-9ABA-BC803B73C61A}") = "计算器", "D:\我的杂文件2\练习页面\计算器\", "{C43721DC-284B-4312-AA22-51B2CCF87303}"
	ProjectSection(WebsiteProperties) = preProject
		TargetFrameworkMoniker = ".NETFramework,Version%3Dv4.5.2"
		Debug.AspNetCompiler.VirtualPath = "/localhost_30877"
		Debug.AspNetCompiler.PhysicalPath = "..\计算器\"
		Debug.AspNetCompiler.TargetPath = "PrecompiledWeb\localhost_30877\"
		Debug.AspNetCompiler.Updateable = "true"
		Debug.AspNetCompiler.ForceOverwrite = "true"
		Debug.AspNetCompiler.FixedNames = "false"
		Debug.AspNetCompiler.Debug = "True"
		Release.AspNetCompiler.VirtualPath = "/localhost_30877"
		Release.AspNetCompiler.PhysicalPath = "..\计算器\"
		Release.AspNetCompiler.TargetPath = "PrecompiledWeb\localhost_30877\"
		Release.AspNetCompiler.Updateable = "true"
		Release.AspNetCompiler.ForceOverwrite = "true"
		Release.AspNetCompiler.FixedNames = "false"
		Release.AspNetCompiler.Debug = "False"
		VWDPort = "30877"
		SlnRelativePath = "..\计算器\"
		DefaultWebSiteLanguage = "Visual C#"
	EndProjectSection
EndProject
Global
	GlobalSection(SolutionConfigurationPlatforms) = preSolution
		Debug|Any CPU = Debug|Any CPU
	EndGlobalSection
	GlobalSection(ProjectConfigurationPlatforms) = postSolution
		{C43721DC-284B-4312-AA22-51B2CCF87303}.Debug|Any CPU.ActiveCfg = Debug|Any CPU
		{C43721DC-284B-4312-AA22-51B2CCF87303}.Debug|Any CPU.Build.0 = Debug|Any CPU
	EndGlobalSection
	GlobalSection(SolutionProperties) = preSolution
		HideSolutionNode = FALSE
	EndGlobalSection
EndGlobal
